
Microsoft Visual Studio Solution File, Format Version 12.00
# Visual Studio Version 16
VisualStudioVersion = 16.0.28803.352
MinimumVisualStudioVersion = 10.0.40219.1
Project("{FAE04EC0-301F-11D3-BF4B-00C04F79EFBC}") = "ConsoleApp48", "ConsoleApp48\ConsoleApp48.csproj", "{79EC0F7D-22CB-4443-9C3F-35FC273C86B8}"
EndProject
Global
	GlobalSection(SolutionConfigurationPlatforms) = preSolution
		Debug|Any CPU = Debug|Any CPU
		Release|Any CPU = Release|Any CPU
	EndGlobalSection
	GlobalSection(ProjectConfigurationPlatforms) = postSolution
		{79EC0F7D-22CB-4443-9C3F-35FC273C86B8}.Debug|Any CPU.ActiveCfg = Debug|Any CPU
		{79EC0F7D-22CB-4443-9C3F-35FC273C86B8}.Debug|Any CPU.Build.0 = Debug|Any CPU
		{79EC0F7D-22CB-4443-9C3F-35FC273C86B8}.Release|Any CPU.ActiveCfg = Release|Any CPU
		{79EC0F7D-22CB-4443-9C3F-35FC273C86B8}.Release|Any CPU.Build.0 = Release|Any CPU
	EndGlobalSection
	GlobalSection(SolutionProperties) = preSolution
		HideSolutionNode = FALSE
	EndGlobalSection
	GlobalSection(ExtensibilityGlobals) = postSolution
		SolutionGuid = {E6A011AE-E2A2-48E0-AE32-C11452F3866D}
	EndGlobalSection
EndGlobal
