
Microsoft Visual Studio Solution File, Format Version 12.00
# Visual Studio Version 16
VisualStudioVersion = 16.0.28803.352
MinimumVisualStudioVersion = 10.0.40219.1
Project("{F184B08F-C81C-45F6-A57F-5ABD9991F28F}") = "ConsoleApp49", "ConsoleApp49\ConsoleApp49.vbproj", "{44AA6703-E24F-44AF-AD90-6DCFD3EACAAD}"
EndProject
Global
	GlobalSection(SolutionConfigurationPlatforms) = preSolution
		Debug|Any CPU = Debug|Any CPU
		Release|Any CPU = Release|Any CPU
	EndGlobalSection
	GlobalSection(ProjectConfigurationPlatforms) = postSolution
		{44AA6703-E24F-44AF-AD90-6DCFD3EACAAD}.Debug|Any CPU.ActiveCfg = Debug|Any CPU
		{44AA6703-E24F-44AF-AD90-6DCFD3EACAAD}.Debug|Any CPU.Build.0 = Debug|Any CPU
		{44AA6703-E24F-44AF-AD90-6DCFD3EACAAD}.Release|Any CPU.ActiveCfg = Release|Any CPU
		{44AA6703-E24F-44AF-AD90-6DCFD3EACAAD}.Release|Any CPU.Build.0 = Release|Any CPU
	EndGlobalSection
	GlobalSection(SolutionProperties) = preSolution
		HideSolutionNode = FALSE
	EndGlobalSection
	GlobalSection(ExtensibilityGlobals) = postSolution
		SolutionGuid = {AA6F1BA4-8574-4DDD-9930-8F0AE45AA466}
	EndGlobalSection
EndGlobal
