
Microsoft Visual Studio Solution File, Format Version 12.00
# Visual Studio Version 16
VisualStudioVersion = 16.0.28803.352
MinimumVisualStudioVersion = 10.0.40219.1
Project("{FAE04EC0-301F-11D3-BF4B-00C04F79EFBC}") = "vardas_10_kartu", "vardas_10_kartu\vardas_10_kartu.csproj", "{3E2BE5D2-204A-494C-AC63-36E3050593A3}"
EndProject
Global
	GlobalSection(SolutionConfigurationPlatforms) = preSolution
		Debug|Any CPU = Debug|Any CPU
		Release|Any CPU = Release|Any CPU
	EndGlobalSection
	GlobalSection(ProjectConfigurationPlatforms) = postSolution
		{3E2BE5D2-204A-494C-AC63-36E3050593A3}.Debug|Any CPU.ActiveCfg = Debug|Any CPU
		{3E2BE5D2-204A-494C-AC63-36E3050593A3}.Debug|Any CPU.Build.0 = Debug|Any CPU
		{3E2BE5D2-204A-494C-AC63-36E3050593A3}.Release|Any CPU.ActiveCfg = Release|Any CPU
		{3E2BE5D2-204A-494C-AC63-36E3050593A3}.Release|Any CPU.Build.0 = Release|Any CPU
	EndGlobalSection
	GlobalSection(SolutionProperties) = preSolution
		HideSolutionNode = FALSE
	EndGlobalSection
	GlobalSection(ExtensibilityGlobals) = postSolution
		SolutionGuid = {F09A4893-BA18-49D6-8BC9-AA1E705FE8D2}
	EndGlobalSection
EndGlobal
