
Microsoft Visual Studio Solution File, Format Version 12.00
# Visual Studio Version 16
VisualStudioVersion = 16.0.28803.352
MinimumVisualStudioVersion = 10.0.40219.1
Project("{FAE04EC0-301F-11D3-BF4B-00C04F79EFBC}") = "ConsoleApp56", "ConsoleApp56\ConsoleApp56.csproj", "{F9C935CE-32B9-4F5E-9B22-9ED18D79963F}"
EndProject
Global
	GlobalSection(SolutionConfigurationPlatforms) = preSolution
		Debug|Any CPU = Debug|Any CPU
		Release|Any CPU = Release|Any CPU
	EndGlobalSection
	GlobalSection(ProjectConfigurationPlatforms) = postSolution
		{F9C935CE-32B9-4F5E-9B22-9ED18D79963F}.Debug|Any CPU.ActiveCfg = Debug|Any CPU
		{F9C935CE-32B9-4F5E-9B22-9ED18D79963F}.Debug|Any CPU.Build.0 = Debug|Any CPU
		{F9C935CE-32B9-4F5E-9B22-9ED18D79963F}.Release|Any CPU.ActiveCfg = Release|Any CPU
		{F9C935CE-32B9-4F5E-9B22-9ED18D79963F}.Release|Any CPU.Build.0 = Release|Any CPU
	EndGlobalSection
	GlobalSection(SolutionProperties) = preSolution
		HideSolutionNode = FALSE
	EndGlobalSection
	GlobalSection(ExtensibilityGlobals) = postSolution
		SolutionGuid = {31CB622B-77EE-47A7-B52A-199A3B7877A9}
	EndGlobalSection
EndGlobal
