
Microsoft Visual Studio Solution File, Format Version 12.00
# Visual Studio 15
VisualStudioVersion = 15.0.27004.2002
MinimumVisualStudioVersion = 10.0.40219.1
Project("{FAE04EC0-301F-11D3-BF4B-00C04F79EFBC}") = "NM4_m2", "NM4_m2\NM4_m2.csproj", "{54A355B1-375C-41BC-98B4-AB70C7E32BCA}"
EndProject
Global
	GlobalSection(SolutionConfigurationPlatforms) = preSolution
		Debug|Any CPU = Debug|Any CPU
		Release|Any CPU = Release|Any CPU
	EndGlobalSection
	GlobalSection(ProjectConfigurationPlatforms) = postSolution
		{54A355B1-375C-41BC-98B4-AB70C7E32BCA}.Debug|Any CPU.ActiveCfg = Debug|Any CPU
		{54A355B1-375C-41BC-98B4-AB70C7E32BCA}.Debug|Any CPU.Build.0 = Debug|Any CPU
		{54A355B1-375C-41BC-98B4-AB70C7E32BCA}.Release|Any CPU.ActiveCfg = Release|Any CPU
		{54A355B1-375C-41BC-98B4-AB70C7E32BCA}.Release|Any CPU.Build.0 = Release|Any CPU
	EndGlobalSection
	GlobalSection(SolutionProperties) = preSolution
		HideSolutionNode = FALSE
	EndGlobalSection
	GlobalSection(ExtensibilityGlobals) = postSolution
		SolutionGuid = {244D719B-5C28-4824-AD7F-44758E08D197}
	EndGlobalSection
EndGlobal
