
Microsoft Visual Studio Solution File, Format Version 12.00
# Visual Studio 15
VisualStudioVersion = 15.0.27004.2002
MinimumVisualStudioVersion = 10.0.40219.1
Project("{FAE04EC0-301F-11D3-BF4B-00C04F79EFBC}") = "NM4_4", "NM4_4\NM4_4.csproj", "{3E565678-0CD8-4EC8-BE91-AFB923722C92}"
EndProject
Global
	GlobalSection(SolutionConfigurationPlatforms) = preSolution
		Debug|Any CPU = Debug|Any CPU
		Release|Any CPU = Release|Any CPU
	EndGlobalSection
	GlobalSection(ProjectConfigurationPlatforms) = postSolution
		{3E565678-0CD8-4EC8-BE91-AFB923722C92}.Debug|Any CPU.ActiveCfg = Debug|Any CPU
		{3E565678-0CD8-4EC8-BE91-AFB923722C92}.Debug|Any CPU.Build.0 = Debug|Any CPU
		{3E565678-0CD8-4EC8-BE91-AFB923722C92}.Release|Any CPU.ActiveCfg = Release|Any CPU
		{3E565678-0CD8-4EC8-BE91-AFB923722C92}.Release|Any CPU.Build.0 = Release|Any CPU
	EndGlobalSection
	GlobalSection(SolutionProperties) = preSolution
		HideSolutionNode = FALSE
	EndGlobalSection
	GlobalSection(ExtensibilityGlobals) = postSolution
		SolutionGuid = {A6E157C9-AE4F-4180-A2B6-8D152018A23C}
	EndGlobalSection
EndGlobal
