
Microsoft Visual Studio Solution File, Format Version 12.00
# Visual Studio 15
VisualStudioVersion = 15.0.27004.2002
MinimumVisualStudioVersion = 10.0.40219.1
Project("{FAE04EC0-301F-11D3-BF4B-00C04F79EFBC}") = "NM2_3", "NM2_3\NM2_3.csproj", "{F6430E8B-5461-45D0-9775-EE73744DD32A}"
EndProject
Global
	GlobalSection(SolutionConfigurationPlatforms) = preSolution
		Debug|Any CPU = Debug|Any CPU
		Release|Any CPU = Release|Any CPU
	EndGlobalSection
	GlobalSection(ProjectConfigurationPlatforms) = postSolution
		{F6430E8B-5461-45D0-9775-EE73744DD32A}.Debug|Any CPU.ActiveCfg = Debug|Any CPU
		{F6430E8B-5461-45D0-9775-EE73744DD32A}.Debug|Any CPU.Build.0 = Debug|Any CPU
		{F6430E8B-5461-45D0-9775-EE73744DD32A}.Release|Any CPU.ActiveCfg = Release|Any CPU
		{F6430E8B-5461-45D0-9775-EE73744DD32A}.Release|Any CPU.Build.0 = Release|Any CPU
	EndGlobalSection
	GlobalSection(SolutionProperties) = preSolution
		HideSolutionNode = FALSE
	EndGlobalSection
	GlobalSection(ExtensibilityGlobals) = postSolution
		SolutionGuid = {B00BE71F-22D8-4AAB-8F4B-4D80A23FE493}
	EndGlobalSection
EndGlobal
