
Microsoft Visual Studio Solution File, Format Version 12.00
# Visual Studio Version 16
VisualStudioVersion = 16.0.28803.352
MinimumVisualStudioVersion = 10.0.40219.1
Project("{FAE04EC0-301F-11D3-BF4B-00C04F79EFBC}") = "NM6_8", "NM6_8\NM6_8.csproj", "{EFBDDE2E-D323-41C3-BE47-9979BEFFE530}"
EndProject
Global
	GlobalSection(SolutionConfigurationPlatforms) = preSolution
		Debug|Any CPU = Debug|Any CPU
		Release|Any CPU = Release|Any CPU
	EndGlobalSection
	GlobalSection(ProjectConfigurationPlatforms) = postSolution
		{EFBDDE2E-D323-41C3-BE47-9979BEFFE530}.Debug|Any CPU.ActiveCfg = Debug|Any CPU
		{EFBDDE2E-D323-41C3-BE47-9979BEFFE530}.Debug|Any CPU.Build.0 = Debug|Any CPU
		{EFBDDE2E-D323-41C3-BE47-9979BEFFE530}.Release|Any CPU.ActiveCfg = Release|Any CPU
		{EFBDDE2E-D323-41C3-BE47-9979BEFFE530}.Release|Any CPU.Build.0 = Release|Any CPU
	EndGlobalSection
	GlobalSection(SolutionProperties) = preSolution
		HideSolutionNode = FALSE
	EndGlobalSection
	GlobalSection(ExtensibilityGlobals) = postSolution
		SolutionGuid = {3682E559-9C06-4BA2-8EDD-66005AB351F9}
	EndGlobalSection
EndGlobal
