
Microsoft Visual Studio Solution File, Format Version 12.00
# Visual Studio 15
VisualStudioVersion = 15.0.27004.2002
MinimumVisualStudioVersion = 10.0.40219.1
Project("{FAE04EC0-301F-11D3-BF4B-00C04F79EFBC}") = "NM2_7", "NM2_7\NM2_7.csproj", "{7AA212F9-F7D7-4ED5-8ABC-5DF24470E805}"
EndProject
Global
	GlobalSection(SolutionConfigurationPlatforms) = preSolution
		Debug|Any CPU = Debug|Any CPU
		Release|Any CPU = Release|Any CPU
	EndGlobalSection
	GlobalSection(ProjectConfigurationPlatforms) = postSolution
		{7AA212F9-F7D7-4ED5-8ABC-5DF24470E805}.Debug|Any CPU.ActiveCfg = Debug|Any CPU
		{7AA212F9-F7D7-4ED5-8ABC-5DF24470E805}.Debug|Any CPU.Build.0 = Debug|Any CPU
		{7AA212F9-F7D7-4ED5-8ABC-5DF24470E805}.Release|Any CPU.ActiveCfg = Release|Any CPU
		{7AA212F9-F7D7-4ED5-8ABC-5DF24470E805}.Release|Any CPU.Build.0 = Release|Any CPU
	EndGlobalSection
	GlobalSection(SolutionProperties) = preSolution
		HideSolutionNode = FALSE
	EndGlobalSection
	GlobalSection(ExtensibilityGlobals) = postSolution
		SolutionGuid = {29822A99-CEE8-47CF-81A6-E3B91D137FC4}
	EndGlobalSection
EndGlobal
