
Microsoft Visual Studio Solution File, Format Version 12.00
# Visual Studio Version 16
VisualStudioVersion = 16.0.28803.352
MinimumVisualStudioVersion = 10.0.40219.1
Project("{FAE04EC0-301F-11D3-BF4B-00C04F79EFBC}") = "ConsoleApp50", "ConsoleApp50\ConsoleApp50.csproj", "{EF7F3E41-E4FE-47BB-B23C-B815EF7BC85F}"
EndProject
Global
	GlobalSection(SolutionConfigurationPlatforms) = preSolution
		Debug|Any CPU = Debug|Any CPU
		Release|Any CPU = Release|Any CPU
	EndGlobalSection
	GlobalSection(ProjectConfigurationPlatforms) = postSolution
		{EF7F3E41-E4FE-47BB-B23C-B815EF7BC85F}.Debug|Any CPU.ActiveCfg = Debug|Any CPU
		{EF7F3E41-E4FE-47BB-B23C-B815EF7BC85F}.Debug|Any CPU.Build.0 = Debug|Any CPU
		{EF7F3E41-E4FE-47BB-B23C-B815EF7BC85F}.Release|Any CPU.ActiveCfg = Release|Any CPU
		{EF7F3E41-E4FE-47BB-B23C-B815EF7BC85F}.Release|Any CPU.Build.0 = Release|Any CPU
	EndGlobalSection
	GlobalSection(SolutionProperties) = preSolution
		HideSolutionNode = FALSE
	EndGlobalSection
	GlobalSection(ExtensibilityGlobals) = postSolution
		SolutionGuid = {E6C39B87-A415-49A1-A7AF-59EFD925DCAA}
	EndGlobalSection
EndGlobal
